{
  "name": "riotjs",
  "version": "1.0.0",
  "lockfileVersion": 1,
  "requires": true,
  "dependencies": {
    "@riotjs/compiler": {
      "version": "4.8.2",
      "resolved": "https://registry.npmjs.org/@riotjs/compiler/-/compiler-4.8.2.tgz",
      "integrity": "sha512-h1wfewMR1ZWaYQV8lJFRuabTabrJbLhubJ/0kUN7ZTVAugSPNm8qT65FnX4OsiQBmbwYD3WUJ5qbw6L6fDKMPg==",
      "requires": {
        "@riotjs/parser": "^4.2.1",
        "@riotjs/util": "1.2.0",
        "acorn": "^7.1.1",
        "cssesc": "^3.0.0",
        "cumpa": "^1.0.1",
        "curri": "^1.0.1",
        "dom-nodes": "^1.1.3",
        "globals": "^12.4.0",
        "recast": "^0.18.7",
        "source-map": "^0.7.3"
      }
    },
    "@riotjs/dom-bindings": {
      "version": "4.7.0",
      "resolved": "https://registry.npmjs.org/@riotjs/dom-bindings/-/dom-bindings-4.7.0.tgz",
      "integrity": "sha512-b9lwSOPOL9e7CnJbeKuaSPnOKtUcwjOSBn4bWEuKbiz8kvwGzDiVHjhpRtzSoGAue989+jLViFyzcN/sJFIk+g==",
      "requires": {
        "@riotjs/util": "^1.2.0",
        "domdiff": "^2.2.1"
      }
    },
    "@riotjs/parser": {
      "version": "4.2.1",
      "resolved": "https://registry.npmjs.org/@riotjs/parser/-/parser-4.2.1.tgz",
      "integrity": "sha512-VOqX6Ne7Wt9ziV8GcAE/AARvV92HNiYeeIDzM7tPijduDkWYGKaFYlw+bcwAcg4DM8Pi4sExTceOHxAuqKH3dg==",
      "requires": {
        "curri": "^1.0.1",
        "dom-nodes": "^1.1.3"
      }
    },
    "@riotjs/util": {
      "version": "1.2.0",
      "resolved": "https://registry.npmjs.org/@riotjs/util/-/util-1.2.0.tgz",
      "integrity": "sha512-pdKDR9kTPWKR8rNmIJzFoCJ9efXatpwje/2SgWpBgsLH1dFzLiiggN35Kbt8KtaRSOf/nHsrmd6VDirUj4lTLw=="
    },
    "acorn": {
      "version": "7.1.1",
      "resolved": "https://registry.npmjs.org/acorn/-/acorn-7.1.1.tgz",
      "integrity": "sha512-add7dgA5ppRPxCFJoAGfMDi7PIBXq1RtGo7BhbLaxwrXPOmw8gq48Y9ozT01hUKy9byMjlR20EJhu5zlkErEkg=="
    },
    "ast-types": {
      "version": "0.13.3",
      "resolved": "https://registry.npmjs.org/ast-types/-/ast-types-0.13.3.tgz",
      "integrity": "sha512-XTZ7xGML849LkQP86sWdQzfhwbt3YwIO6MqbX9mUNYY98VKaaVZP7YNNm70IpwecbkkxmfC5IYAzOQ/2p29zRA=="
    },
    "bianco.attr": {
      "version": "1.0.0",
      "resolved": "https://registry.npmjs.org/bianco.attr/-/bianco.attr-1.0.0.tgz",
      "integrity": "sha512-ry700auBXrfRcn18wgOlDeCIAOy1HKnUrM96hc2xbzt4FQL+pfXTUGrt++gg9/rpp7JD4JUXi0X1OB7um+jm2w==",
      "requires": {
        "bianco.dom-to-array": "^0.0.10"
      }
    },
    "bianco.dom-to-array": {
      "version": "0.0.10",
      "resolved": "https://registry.npmjs.org/bianco.dom-to-array/-/bianco.dom-to-array-0.0.10.tgz",
      "integrity": "sha512-EFYkcEGPmIqatvh+6I2eF6/X4mDtEyGoBucqmudJ5qABbFOw3RPIWB913aLD1FTaux8pZtYzD/yvcwGJKSNgXg=="
    },
    "bianco.query": {
      "version": "1.0.0",
      "resolved": "https://registry.npmjs.org/bianco.query/-/bianco.query-1.0.0.tgz",
      "integrity": "sha512-pDstv5+tsuw//wNuPnXuf4DjyN116tcH/a7hxbqH1OpWMsBgBkp/O29uxlWEZWN5e6hCaGajLNA9CAGTsgYeWw==",
      "requires": {
        "bianco.dom-to-array": "^0.0.10"
      }
    },
    "cssesc": {
      "version": "3.0.0",
      "resolved": "https://registry.npmjs.org/cssesc/-/cssesc-3.0.0.tgz",
      "integrity": "sha512-/Tb/JcjK111nNScGob5MNtsntNM1aCNUDipB/TkwZFhyDrrE47SOx/18wF2bbjgc3ZzCSKW1T5nt5EbFoAz/Vg=="
    },
    "cumpa": {
      "version": "1.0.1",
      "resolved": "https://registry.npmjs.org/cumpa/-/cumpa-1.0.1.tgz",
      "integrity": "sha512-Ew3sfG4cqvDFINS1VgdvLX1FIruhySlnP6DRLhB+1EjewiOzhJzKRKPEp/TCuo0RDisSFeuaDrk0S4Q8grF9CA=="
    },
    "curri": {
      "version": "1.0.1",
      "resolved": "https://registry.npmjs.org/curri/-/curri-1.0.1.tgz",
      "integrity": "sha512-VwFb2MGqN0A1RPA0vSgDRSWc0c+V6N9yz8pVYJ9AXILAukRAyCZP5Sqp4VdOxgw1lT0t5oaplwIDT/ruF3Nz7Q=="
    },
    "dom-nodes": {
      "version": "1.1.3",
      "resolved": "https://registry.npmjs.org/dom-nodes/-/dom-nodes-1.1.3.tgz",
      "integrity": "sha512-y5wnIx97oe0IqMllL/lizgkK2c9vu1cQeqPCCsS7mwNdPuYxg3b04eDJynHhC63kM8+ZsteOmiPElfVGOUmmKg=="
    },
    "domdiff": {
      "version": "2.2.2",
      "resolved": "https://registry.npmjs.org/domdiff/-/domdiff-2.2.2.tgz",
      "integrity": "sha512-Pv7aH5JfjNIkLRKkah+T3Kd41Gy+7GU+5dmPsOZZXsCJ34QR1i7CCiWraUn1c/a40htShxAQ8mHJR2OqPd12+Q==",
      "requires": {
        "uarray": "^1.0.0"
      }
    },
    "esprima": {
      "version": "4.0.1",
      "resolved": "https://registry.npmjs.org/esprima/-/esprima-4.0.1.tgz",
      "integrity": "sha512-eGuFFw7Upda+g4p+QHvnW0RyTX/SVeJBDM/gCtMARO0cLuT2HcEKnTPvhjV6aGeqrCB/sbNop0Kszm0jsaWU4A=="
    },
    "globals": {
      "version": "12.4.0",
      "resolved": "https://registry.npmjs.org/globals/-/globals-12.4.0.tgz",
      "integrity": "sha512-BWICuzzDvDoH54NHKCseDanAhE3CeDorgDL5MT6LMXXj2WCnd9UC2szdk4AWLfjdgNBCXLUanXYcpBBKOSWGwg==",
      "requires": {
        "type-fest": "^0.8.1"
      }
    },
    "private": {
      "version": "0.1.8",
      "resolved": "https://registry.npmjs.org/private/-/private-0.1.8.tgz",
      "integrity": "sha512-VvivMrbvd2nKkiG38qjULzlc+4Vx4wm/whI9pQD35YrARNnhxeiRktSOhSukRLFNlzg6Br/cJPet5J/u19r/mg=="
    },
    "recast": {
      "version": "0.18.8",
      "resolved": "https://registry.npmjs.org/recast/-/recast-0.18.8.tgz",
      "integrity": "sha512-pxiq+ZAF0mYQuhQI+qqr8nFjgmEOFYA3YUVV8dXM7Mz20vs2WyKM1z2W0v80RZ/WICeNw2EeORg+QdDIgAX2ng==",
      "requires": {
        "ast-types": "0.13.3",
        "esprima": "~4.0.0",
        "private": "^0.1.8",
        "source-map": "~0.6.1"
      },
      "dependencies": {
        "source-map": {
          "version": "0.6.1",
          "resolved": "https://registry.npmjs.org/source-map/-/source-map-0.6.1.tgz",
          "integrity": "sha512-UjgapumWlbMhkBgzT7Ykc5YXUT46F0iKu8SGXq0bcwP5dz/h0Plj6enJqjz1Zbq2l5WaqYnrVbwWOWMyF3F47g=="
        }
      }
    },
    "riot": {
      "version": "4.11.1",
      "resolved": "https://registry.npmjs.org/riot/-/riot-4.11.1.tgz",
      "integrity": "sha512-4tyWXPLKbp1TwjqUXKUwa9QXBceSUihh745++ue9mv9Xa0c3uFr90Lukb+pasAE5qV/BHBUdKB5WIKA4T3T7BA==",
      "requires": {
        "@riotjs/compiler": "^4.8.2",
        "@riotjs/dom-bindings": "^4.7.0",
        "@riotjs/util": "^1.2.0",
        "bianco.attr": "^1.0.0",
        "bianco.query": "^1.0.0",
        "cumpa": "^1.0.1",
        "curri": "^1.0.1"
      }
    },
    "source-map": {
      "version": "0.7.3",
      "resolved": "https://registry.npmjs.org/source-map/-/source-map-0.7.3.tgz",
      "integrity": "sha512-CkCj6giN3S+n9qrYiBTX5gystlENnRW5jZeNLHpe6aue+SrHcG5VYwujhW9s4dY31mEGsxBDrHR6oI69fTXsaQ=="
    },
    "type-fest": {
      "version": "0.8.1",
      "resolved": "https://registry.npmjs.org/type-fest/-/type-fest-0.8.1.tgz",
      "integrity": "sha512-4dbzIzqvjtgiM5rw1k5rEHtBANKmdudhGyBEajN01fEyhaAIhsoKNy6y7+IN93IfpFtwY9iqi7kD+xwKhQsNJA=="
    },
    "uarray": {
      "version": "1.0.0",
      "resolved": "https://registry.npmjs.org/uarray/-/uarray-1.0.0.tgz",
      "integrity": "sha512-LHmiAd5QuAv7pU2vbh+Zq9YOnqVK0H764p2Ozinpfy9ka58OID4IsGLiXsitqH7n0NAIDxvax1A/kDXpii/Ckg=="
    }
  }
}
