{
  "name": "riotjs",
  "version": "1.0.0",
  "lockfileVersion": 1,
  "requires": true,
  "dependencies": {
    "@riotjs/compiler": {
      "version": "4.8.2",
      "resolved": "https://registry.npmjs.org/@riotjs/compiler/-/compiler-4.8.2.tgz",
      "integrity": "sha512-h1wfewMR1ZWaYQV8lJFRuabTabrJbLhubJ/0kUN7ZTVAugSPNm8qT65FnX4OsiQBmbwYD3WUJ5qbw6L6fDKMPg==",
      "requires": {
        "@riotjs/parser": "^4.2.1",
        "@riotjs/util": "1.2.0",
        "acorn": "^7.1.1",
        "cssesc": "^3.0.0",
        "cumpa": "^1.0.1",
        "curri": "^1.0.1",
        "dom-nodes": "^1.1.3",
        "globals": "^12.4.0",
        "recast": "^0.18.7",
        "source-map": "^0.7.3"
      }
    },
    "@riotjs/dom-bindings": {
      "version": "4.7.0",
      "resolved": "https://registry.npmjs.org/@riotjs/dom-bindings/-/dom-bindings-4.7.0.tgz",
      "integrity": "sha512-b9lwSOPOL9e7CnJbeKuaSPnOKtUcwjOSBn4bWEuKbiz8kvwGzDiVHjhpRtzSoGAue989+jLViFyzcN/sJFIk+g==",
      "requires": {
        "@riotjs/util": "^1.2.0",
        "domdiff": "^2.2.1"
      }
    },
    "@riotjs/parser": {
      "version": "4.2.1",
      "resolved": "https://registry.npmjs.org/@riotjs/parser/-/parser-4.2.1.tgz",
      "integrity": "sha512-VOqX6Ne7Wt9ziV8GcAE/AARvV92HNiYeeIDzM7tPijduDkWYGKaFYlw+bcwAcg4DM8Pi4sExTceOHxAuqKH3dg==",
      "requires": {
        "curri": "^1.0.1",
        "dom-nodes": "^1.1.3"
      }
    },
    "@riotjs/util": {
      "version": "1.2.0",
      "resolved": "https://registry.npmjs.org/@riotjs/util/-/util-1.2.0.tgz",
      "integrity": "sha512-pdKDR9kTPWKR8rNmIJzFoCJ9efXatpwje/2SgWpBgsLH1dFzLiiggN35Kbt8KtaRSOf/nHsrmd6VDirUj4lTLw=="
    },
    "acorn": {
      "version": "7.1.1",
      "resolved": "https://registry.npmjs.org/acorn/-/acorn-7.1.1.tgz",
      "integrity": "sha512-add7dgA5ppRPxCFJoAGfMDi7PIBXq1RtGo7BhbLaxwrXPOmw8gq48Y9ozT01hUKy9byMjlR20EJhu5zlkErEkg=="
    },
    "ast-types": {
      "version": "0.13.3",
      "resolved": "https://registry.npmjs.org/ast-types/-/ast-types-0.13.3.tgz",
      "integrity": "sha512-XTZ7xGML849LkQP86sWdQzfhwbt3YwIO6MqbX9mUNYY98VKaaVZP7YNNm70IpwecbkkxmfC5IYAzOQ/2p29zRA=="
    },
    "async": {
      "version": "2.6.3",
      "resolved": "https://registry.npmjs.org/async/-/async-2.6.3.tgz",
      "integrity": "sha512-zflvls11DCy+dQWzTW2dzuilv8Z5X/pjfmZOWba6TNIVDm+2UDaJmXSOXlasHKfNBs8oo3M0aT50fDEWfKZjXg==",
      "requires": {
        "lodash": "^4.17.14"
      }
    },
    "basic-auth": {
      "version": "1.1.0",
      "resolved": "https://registry.npmjs.org/basic-auth/-/basic-auth-1.1.0.tgz",
      "integrity": "sha1-RSIe5Cn37h5QNb4/UVM/HN/SmIQ="
    },
    "bianco.attr": {
      "version": "1.0.0",
      "resolved": "https://registry.npmjs.org/bianco.attr/-/bianco.attr-1.0.0.tgz",
      "integrity": "sha512-ry700auBXrfRcn18wgOlDeCIAOy1HKnUrM96hc2xbzt4FQL+pfXTUGrt++gg9/rpp7JD4JUXi0X1OB7um+jm2w==",
      "requires": {
        "bianco.dom-to-array": "^0.0.10"
      }
    },
    "bianco.dom-to-array": {
      "version": "0.0.10",
      "resolved": "https://registry.npmjs.org/bianco.dom-to-array/-/bianco.dom-to-array-0.0.10.tgz",
      "integrity": "sha512-EFYkcEGPmIqatvh+6I2eF6/X4mDtEyGoBucqmudJ5qABbFOw3RPIWB913aLD1FTaux8pZtYzD/yvcwGJKSNgXg=="
    },
    "bianco.query": {
      "version": "1.0.0",
      "resolved": "https://registry.npmjs.org/bianco.query/-/bianco.query-1.0.0.tgz",
      "integrity": "sha512-pDstv5+tsuw//wNuPnXuf4DjyN116tcH/a7hxbqH1OpWMsBgBkp/O29uxlWEZWN5e6hCaGajLNA9CAGTsgYeWw==",
      "requires": {
        "bianco.dom-to-array": "^0.0.10"
      }
    },
    "colors": {
      "version": "1.4.0",
      "resolved": "https://registry.npmjs.org/colors/-/colors-1.4.0.tgz",
      "integrity": "sha512-a+UqTh4kgZg/SlGvfbzDHpgRu7AAQOmmqRHJnxhRZICKFUT91brVhNNt58CMWU9PsBbv3PDCZUHbVxuDiH2mtA=="
    },
    "corser": {
      "version": "2.0.1",
      "resolved": "https://registry.npmjs.org/corser/-/corser-2.0.1.tgz",
      "integrity": "sha1-jtolLsqrWEDc2XXOuQ2TcMgZ/4c="
    },
    "cssesc": {
      "version": "3.0.0",
      "resolved": "https://registry.npmjs.org/cssesc/-/cssesc-3.0.0.tgz",
      "integrity": "sha512-/Tb/JcjK111nNScGob5MNtsntNM1aCNUDipB/TkwZFhyDrrE47SOx/18wF2bbjgc3ZzCSKW1T5nt5EbFoAz/Vg=="
    },
    "cumpa": {
      "version": "1.0.1",
      "resolved": "https://registry.npmjs.org/cumpa/-/cumpa-1.0.1.tgz",
      "integrity": "sha512-Ew3sfG4cqvDFINS1VgdvLX1FIruhySlnP6DRLhB+1EjewiOzhJzKRKPEp/TCuo0RDisSFeuaDrk0S4Q8grF9CA=="
    },
    "curri": {
      "version": "1.0.1",
      "resolved": "https://registry.npmjs.org/curri/-/curri-1.0.1.tgz",
      "integrity": "sha512-VwFb2MGqN0A1RPA0vSgDRSWc0c+V6N9yz8pVYJ9AXILAukRAyCZP5Sqp4VdOxgw1lT0t5oaplwIDT/ruF3Nz7Q=="
    },
    "debug": {
      "version": "3.2.6",
      "resolved": "https://registry.npmjs.org/debug/-/debug-3.2.6.tgz",
      "integrity": "sha512-mel+jf7nrtEl5Pn1Qx46zARXKDpBbvzezse7p7LqINmdoIk8PYP5SySaxEmYv6TZ0JyEKA1hsCId6DIhgITtWQ==",
      "requires": {
        "ms": "^2.1.1"
      }
    },
    "dom-nodes": {
      "version": "1.1.3",
      "resolved": "https://registry.npmjs.org/dom-nodes/-/dom-nodes-1.1.3.tgz",
      "integrity": "sha512-y5wnIx97oe0IqMllL/lizgkK2c9vu1cQeqPCCsS7mwNdPuYxg3b04eDJynHhC63kM8+ZsteOmiPElfVGOUmmKg=="
    },
    "domdiff": {
      "version": "2.2.2",
      "resolved": "https://registry.npmjs.org/domdiff/-/domdiff-2.2.2.tgz",
      "integrity": "sha512-Pv7aH5JfjNIkLRKkah+T3Kd41Gy+7GU+5dmPsOZZXsCJ34QR1i7CCiWraUn1c/a40htShxAQ8mHJR2OqPd12+Q==",
      "requires": {
        "uarray": "^1.0.0"
      }
    },
    "ecstatic": {
      "version": "3.3.2",
      "resolved": "https://registry.npmjs.org/ecstatic/-/ecstatic-3.3.2.tgz",
      "integrity": "sha512-fLf9l1hnwrHI2xn9mEDT7KIi22UDqA2jaCwyCbSUJh9a1V+LEUSL/JO/6TIz/QyuBURWUHrFL5Kg2TtO1bkkog==",
      "requires": {
        "he": "^1.1.1",
        "mime": "^1.6.0",
        "minimist": "^1.1.0",
        "url-join": "^2.0.5"
      }
    },
    "esprima": {
      "version": "4.0.1",
      "resolved": "https://registry.npmjs.org/esprima/-/esprima-4.0.1.tgz",
      "integrity": "sha512-eGuFFw7Upda+g4p+QHvnW0RyTX/SVeJBDM/gCtMARO0cLuT2HcEKnTPvhjV6aGeqrCB/sbNop0Kszm0jsaWU4A=="
    },
    "eventemitter3": {
      "version": "4.0.0",
      "resolved": "https://registry.npmjs.org/eventemitter3/-/eventemitter3-4.0.0.tgz",
      "integrity": "sha512-qerSRB0p+UDEssxTtm6EDKcE7W4OaoisfIMl4CngyEhjpYglocpNg6UEqCvemdGhosAsg4sO2dXJOdyBifPGCg=="
    },
    "follow-redirects": {
      "version": "1.11.0",
      "resolved": "https://registry.npmjs.org/follow-redirects/-/follow-redirects-1.11.0.tgz",
      "integrity": "sha512-KZm0V+ll8PfBrKwMzdo5D13b1bur9Iq9Zd/RMmAoQQcl2PxxFml8cxXPaaPYVbV0RjNjq1CU7zIzAOqtUPudmA==",
      "requires": {
        "debug": "^3.0.0"
      }
    },
    "globals": {
      "version": "12.4.0",
      "resolved": "https://registry.npmjs.org/globals/-/globals-12.4.0.tgz",
      "integrity": "sha512-BWICuzzDvDoH54NHKCseDanAhE3CeDorgDL5MT6LMXXj2WCnd9UC2szdk4AWLfjdgNBCXLUanXYcpBBKOSWGwg==",
      "requires": {
        "type-fest": "^0.8.1"
      }
    },
    "he": {
      "version": "1.2.0",
      "resolved": "https://registry.npmjs.org/he/-/he-1.2.0.tgz",
      "integrity": "sha512-F/1DnUGPopORZi0ni+CvrCgHQ5FyEAHRLSApuYWMmrbSwoN2Mn/7k+Gl38gJnR7yyDZk6WLXwiGod1JOWNDKGw=="
    },
    "http-proxy": {
      "version": "1.18.0",
      "resolved": "https://registry.npmjs.org/http-proxy/-/http-proxy-1.18.0.tgz",
      "integrity": "sha512-84I2iJM/n1d4Hdgc6y2+qY5mDaz2PUVjlg9znE9byl+q0uC3DeByqBGReQu5tpLK0TAqTIXScRUV+dg7+bUPpQ==",
      "requires": {
        "eventemitter3": "^4.0.0",
        "follow-redirects": "^1.0.0",
        "requires-port": "^1.0.0"
      }
    },
    "http-server": {
      "version": "0.12.1",
      "resolved": "https://registry.npmjs.org/http-server/-/http-server-0.12.1.tgz",
      "integrity": "sha512-T0jB+7J7GJ2Vo+a4/T7P7SbQ3x2GPDnqRqQXdfEuPuUOmES/9NBxPnDm7dh1HGEeUWqUmLUNtGV63ZC5Uy3tGA==",
      "requires": {
        "basic-auth": "^1.0.3",
        "colors": "^1.3.3",
        "corser": "^2.0.1",
        "ecstatic": "^3.3.2",
        "http-proxy": "^1.17.0",
        "opener": "^1.5.1",
        "optimist": "~0.6.1",
        "portfinder": "^1.0.20",
        "secure-compare": "3.0.1",
        "union": "~0.5.0"
      }
    },
    "lodash": {
      "version": "4.17.15",
      "resolved": "https://registry.npmjs.org/lodash/-/lodash-4.17.15.tgz",
      "integrity": "sha512-8xOcRHvCjnocdS5cpwXQXVzmmh5e5+saE2QGoeQmbKmRS6J3VQppPOIt0MnmE+4xlZoumy0GPG0D0MVIQbNA1A=="
    },
    "mime": {
      "version": "1.6.0",
      "resolved": "https://registry.npmjs.org/mime/-/mime-1.6.0.tgz",
      "integrity": "sha512-x0Vn8spI+wuJ1O6S7gnbaQg8Pxh4NNHb7KSINmEWKiPE4RKOplvijn+NkmYmmRgP68mc70j2EbeTFRsrswaQeg=="
    },
    "minimist": {
      "version": "1.2.5",
      "resolved": "https://registry.npmjs.org/minimist/-/minimist-1.2.5.tgz",
      "integrity": "sha512-FM9nNUYrRBAELZQT3xeZQ7fmMOBg6nWNmJKTcgsJeaLstP/UODVpGsr5OhXhhXg6f+qtJ8uiZ+PUxkDWcgIXLw=="
    },
    "mkdirp": {
      "version": "0.5.4",
      "resolved": "https://registry.npmjs.org/mkdirp/-/mkdirp-0.5.4.tgz",
      "integrity": "sha512-iG9AK/dJLtJ0XNgTuDbSyNS3zECqDlAhnQW4CsNxBG3LQJBbHmRX1egw39DmtOdCAqY+dKXV+sgPgilNWUKMVw==",
      "requires": {
        "minimist": "^1.2.5"
      }
    },
    "ms": {
      "version": "2.1.2",
      "resolved": "https://registry.npmjs.org/ms/-/ms-2.1.2.tgz",
      "integrity": "sha512-sGkPx+VjMtmA6MX27oA4FBFELFCZZ4S4XqeGOXCv68tT+jb3vk/RyaKWP0PTKyWtmLSM0b+adUTEvbs1PEaH2w=="
    },
    "opener": {
      "version": "1.5.1",
      "resolved": "https://registry.npmjs.org/opener/-/opener-1.5.1.tgz",
      "integrity": "sha512-goYSy5c2UXE4Ra1xixabeVh1guIX/ZV/YokJksb6q2lubWu6UbvPQ20p542/sFIll1nl8JnCyK9oBaOcCWXwvA=="
    },
    "optimist": {
      "version": "0.6.1",
      "resolved": "https://registry.npmjs.org/optimist/-/optimist-0.6.1.tgz",
      "integrity": "sha1-2j6nRob6IaGaERwybpDrFaAZZoY=",
      "requires": {
        "minimist": "~0.0.1",
        "wordwrap": "~0.0.2"
      },
      "dependencies": {
        "minimist": {
          "version": "0.0.10",
          "resolved": "https://registry.npmjs.org/minimist/-/minimist-0.0.10.tgz",
          "integrity": "sha1-3j+YVD2/lggr5IrRoMfNqDYwHc8="
        }
      }
    },
    "portfinder": {
      "version": "1.0.25",
      "resolved": "https://registry.npmjs.org/portfinder/-/portfinder-1.0.25.tgz",
      "integrity": "sha512-6ElJnHBbxVA1XSLgBp7G1FiCkQdlqGzuF7DswL5tcea+E8UpuvPU7beVAjjRwCioTS9ZluNbu+ZyRvgTsmqEBg==",
      "requires": {
        "async": "^2.6.2",
        "debug": "^3.1.1",
        "mkdirp": "^0.5.1"
      }
    },
    "private": {
      "version": "0.1.8",
      "resolved": "https://registry.npmjs.org/private/-/private-0.1.8.tgz",
      "integrity": "sha512-VvivMrbvd2nKkiG38qjULzlc+4Vx4wm/whI9pQD35YrARNnhxeiRktSOhSukRLFNlzg6Br/cJPet5J/u19r/mg=="
    },
    "qs": {
      "version": "6.9.3",
      "resolved": "https://registry.npmjs.org/qs/-/qs-6.9.3.tgz",
      "integrity": "sha512-EbZYNarm6138UKKq46tdx08Yo/q9ZhFoAXAI1meAFd2GtbRDhbZY2WQSICskT0c5q99aFzLG1D4nvTk9tqfXIw=="
    },
    "recast": {
      "version": "0.18.8",
      "resolved": "https://registry.npmjs.org/recast/-/recast-0.18.8.tgz",
      "integrity": "sha512-pxiq+ZAF0mYQuhQI+qqr8nFjgmEOFYA3YUVV8dXM7Mz20vs2WyKM1z2W0v80RZ/WICeNw2EeORg+QdDIgAX2ng==",
      "requires": {
        "ast-types": "0.13.3",
        "esprima": "~4.0.0",
        "private": "^0.1.8",
        "source-map": "~0.6.1"
      },
      "dependencies": {
        "source-map": {
          "version": "0.6.1",
          "resolved": "https://registry.npmjs.org/source-map/-/source-map-0.6.1.tgz",
          "integrity": "sha512-UjgapumWlbMhkBgzT7Ykc5YXUT46F0iKu8SGXq0bcwP5dz/h0Plj6enJqjz1Zbq2l5WaqYnrVbwWOWMyF3F47g=="
        }
      }
    },
    "requires-port": {
      "version": "1.0.0",
      "resolved": "https://registry.npmjs.org/requires-port/-/requires-port-1.0.0.tgz",
      "integrity": "sha1-kl0mAdOaxIXgkc8NpcbmlNw9yv8="
    },
    "riot": {
      "version": "4.11.1",
      "resolved": "https://registry.npmjs.org/riot/-/riot-4.11.1.tgz",
      "integrity": "sha512-4tyWXPLKbp1TwjqUXKUwa9QXBceSUihh745++ue9mv9Xa0c3uFr90Lukb+pasAE5qV/BHBUdKB5WIKA4T3T7BA==",
      "requires": {
        "@riotjs/compiler": "^4.8.2",
        "@riotjs/dom-bindings": "^4.7.0",
        "@riotjs/util": "^1.2.0",
        "bianco.attr": "^1.0.0",
        "bianco.query": "^1.0.0",
        "cumpa": "^1.0.1",
        "curri": "^1.0.1"
      }
    },
    "secure-compare": {
      "version": "3.0.1",
      "resolved": "https://registry.npmjs.org/secure-compare/-/secure-compare-3.0.1.tgz",
      "integrity": "sha1-8aAymzCLIh+uN7mXTz1XjQypmeM="
    },
    "source-map": {
      "version": "0.7.3",
      "resolved": "https://registry.npmjs.org/source-map/-/source-map-0.7.3.tgz",
      "integrity": "sha512-CkCj6giN3S+n9qrYiBTX5gystlENnRW5jZeNLHpe6aue+SrHcG5VYwujhW9s4dY31mEGsxBDrHR6oI69fTXsaQ=="
    },
    "type-fest": {
      "version": "0.8.1",
      "resolved": "https://registry.npmjs.org/type-fest/-/type-fest-0.8.1.tgz",
      "integrity": "sha512-4dbzIzqvjtgiM5rw1k5rEHtBANKmdudhGyBEajN01fEyhaAIhsoKNy6y7+IN93IfpFtwY9iqi7kD+xwKhQsNJA=="
    },
    "uarray": {
      "version": "1.0.0",
      "resolved": "https://registry.npmjs.org/uarray/-/uarray-1.0.0.tgz",
      "integrity": "sha512-LHmiAd5QuAv7pU2vbh+Zq9YOnqVK0H764p2Ozinpfy9ka58OID4IsGLiXsitqH7n0NAIDxvax1A/kDXpii/Ckg=="
    },
    "union": {
      "version": "0.5.0",
      "resolved": "https://registry.npmjs.org/union/-/union-0.5.0.tgz",
      "integrity": "sha512-N6uOhuW6zO95P3Mel2I2zMsbsanvvtgn6jVqJv4vbVcz/JN0OkL9suomjQGmWtxJQXOCqUJvquc1sMeNz/IwlA==",
      "requires": {
        "qs": "^6.4.0"
      }
    },
    "url-join": {
      "version": "2.0.5",
      "resolved": "https://registry.npmjs.org/url-join/-/url-join-2.0.5.tgz",
      "integrity": "sha1-WvIvGMBSoACkjXuCxenC4v7tpyg="
    },
    "wordwrap": {
      "version": "0.0.3",
      "resolved": "https://registry.npmjs.org/wordwrap/-/wordwrap-0.0.3.tgz",
      "integrity": "sha1-o9XabNXAvAAI03I0u68b7WMFkQc="
    }
  }
}
